
Microsoft Visual Studio Solution File, Format Version 12.00
# Visual Studio Version 17
VisualStudioVersion = 17.11.35312.102
MinimumVisualStudioVersion = 10.0.40219.1
Project("{FAE04EC0-301F-11D3-BF4B-00C04F79EFBC}") = "LabWork11", "LabWork11\LabWork11.csproj", "{3525066D-54E1-4328-B6BC-52C9826DA5D0}"
EndProject
Project("{FAE04EC0-301F-11D3-BF4B-00C04F79EFBC}") = "Profiler", "Profiler\Profiler.csproj", "{3445E467-9AC7-47FF-85F5-DBF708E770E5}"
EndProject
Global
	GlobalSection(SolutionConfigurationPlatforms) = preSolution
		Debug|Any CPU = Debug|Any CPU
		Release|Any CPU = Release|Any CPU
	EndGlobalSection
	GlobalSection(ProjectConfigurationPlatforms) = postSolution
		{3525066D-54E1-4328-B6BC-52C9826DA5D0}.Debug|Any CPU.ActiveCfg = Debug|Any CPU
		{3525066D-54E1-4328-B6BC-52C9826DA5D0}.Debug|Any CPU.Build.0 = Debug|Any CPU
		{3525066D-54E1-4328-B6BC-52C9826DA5D0}.Release|Any CPU.ActiveCfg = Release|Any CPU
		{3525066D-54E1-4328-B6BC-52C9826DA5D0}.Release|Any CPU.Build.0 = Release|Any CPU
		{3445E467-9AC7-47FF-85F5-DBF708E770E5}.Debug|Any CPU.ActiveCfg = Debug|Any CPU
		{3445E467-9AC7-47FF-85F5-DBF708E770E5}.Debug|Any CPU.Build.0 = Debug|Any CPU
		{3445E467-9AC7-47FF-85F5-DBF708E770E5}.Release|Any CPU.ActiveCfg = Release|Any CPU
		{3445E467-9AC7-47FF-85F5-DBF708E770E5}.Release|Any CPU.Build.0 = Release|Any CPU
	EndGlobalSection
	GlobalSection(SolutionProperties) = preSolution
		HideSolutionNode = FALSE
	EndGlobalSection
	GlobalSection(ExtensibilityGlobals) = postSolution
		SolutionGuid = {612E5521-8EAA-47FB-B8E6-ACF5FE625261}
	EndGlobalSection
EndGlobal
