
Microsoft Visual Studio Solution File, Format Version 12.00
# Visual Studio Version 17
VisualStudioVersion = 17.11.35312.102
MinimumVisualStudioVersion = 10.0.40219.1
Project("{FAE04EC0-301F-11D3-BF4B-00C04F79EFBC}") = "ClassLibraryPract4", "ClassLibraryPract4\ClassLibraryPract4.csproj", "{0E7C9128-FB04-4E59-929D-145EC2E1AE6D}"
EndProject
Global
	GlobalSection(SolutionConfigurationPlatforms) = preSolution
		Debug|Any CPU = Debug|Any CPU
		Release|Any CPU = Release|Any CPU
	EndGlobalSection
	GlobalSection(ProjectConfigurationPlatforms) = postSolution
		{0E7C9128-FB04-4E59-929D-145EC2E1AE6D}.Debug|Any CPU.ActiveCfg = Debug|Any CPU
		{0E7C9128-FB04-4E59-929D-145EC2E1AE6D}.Debug|Any CPU.Build.0 = Debug|Any CPU
		{0E7C9128-FB04-4E59-929D-145EC2E1AE6D}.Release|Any CPU.ActiveCfg = Release|Any CPU
		{0E7C9128-FB04-4E59-929D-145EC2E1AE6D}.Release|Any CPU.Build.0 = Release|Any CPU
	EndGlobalSection
	GlobalSection(SolutionProperties) = preSolution
		HideSolutionNode = FALSE
	EndGlobalSection
	GlobalSection(ExtensibilityGlobals) = postSolution
		SolutionGuid = {B93FCA75-F999-4E26-AD9B-ECC65F2B44A0}
	EndGlobalSection
EndGlobal
