
Microsoft Visual Studio Solution File, Format Version 12.00
# Visual Studio Version 17
VisualStudioVersion = 17.11.35312.102
MinimumVisualStudioVersion = 10.0.40219.1
Project("{FAE04EC0-301F-11D3-BF4B-00C04F79EFBC}") = "Api", "Api\Api.csproj", "{E52DD5F7-2BA8-492F-9643-D0F28CFE985D}"
EndProject
Global
	GlobalSection(SolutionConfigurationPlatforms) = preSolution
		Debug|Any CPU = Debug|Any CPU
		Release|Any CPU = Release|Any CPU
	EndGlobalSection
	GlobalSection(ProjectConfigurationPlatforms) = postSolution
		{E52DD5F7-2BA8-492F-9643-D0F28CFE985D}.Debug|Any CPU.ActiveCfg = Debug|Any CPU
		{E52DD5F7-2BA8-492F-9643-D0F28CFE985D}.Debug|Any CPU.Build.0 = Debug|Any CPU
		{E52DD5F7-2BA8-492F-9643-D0F28CFE985D}.Release|Any CPU.ActiveCfg = Release|Any CPU
		{E52DD5F7-2BA8-492F-9643-D0F28CFE985D}.Release|Any CPU.Build.0 = Release|Any CPU
	EndGlobalSection
	GlobalSection(SolutionProperties) = preSolution
		HideSolutionNode = FALSE
	EndGlobalSection
	GlobalSection(ExtensibilityGlobals) = postSolution
		SolutionGuid = {AB8E0ECD-98B4-4B80-B3A5-4C6FFA1099A5}
	EndGlobalSection
EndGlobal
